
Microsoft Visual Studio Solution File, Format Version 12.00
# Visual Studio Version 17
VisualStudioVersion = 17.4.33213.308
MinimumVisualStudioVersion = 10.0.40219.1
Project("{9A19103F-16F7-4668-BE54-9A1E7A4F7556}") = "PrimeHolding.Server", "PrimeHolding\Server\PrimeHolding.Server.csproj", "{03A940F6-418B-4D11-A126-7562B6054C88}"
EndProject
Project("{9A19103F-16F7-4668-BE54-9A1E7A4F7556}") = "PrimeHolding.Client", "PrimeHolding\Client\PrimeHolding.Client.csproj", "{8B1E88BA-A8D7-4C52-B7F2-5527960B7855}"
EndProject
Project("{9A19103F-16F7-4668-BE54-9A1E7A4F7556}") = "PrimeHolding.Shared", "PrimeHolding\Shared\PrimeHolding.Shared.csproj", "{4B6C9693-0664-4584-8B81-53F40D6DBBAC}"
EndProject
Global
	GlobalSection(SolutionConfigurationPlatforms) = preSolution
		Debug|Any CPU = Debug|Any CPU
		Release|Any CPU = Release|Any CPU
	EndGlobalSection
	GlobalSection(ProjectConfigurationPlatforms) = postSolution
		{03A940F6-418B-4D11-A126-7562B6054C88}.Debug|Any CPU.ActiveCfg = Debug|Any CPU
		{03A940F6-418B-4D11-A126-7562B6054C88}.Debug|Any CPU.Build.0 = Debug|Any CPU
		{03A940F6-418B-4D11-A126-7562B6054C88}.Release|Any CPU.ActiveCfg = Release|Any CPU
		{03A940F6-418B-4D11-A126-7562B6054C88}.Release|Any CPU.Build.0 = Release|Any CPU
		{8B1E88BA-A8D7-4C52-B7F2-5527960B7855}.Debug|Any CPU.ActiveCfg = Debug|Any CPU
		{8B1E88BA-A8D7-4C52-B7F2-5527960B7855}.Debug|Any CPU.Build.0 = Debug|Any CPU
		{8B1E88BA-A8D7-4C52-B7F2-5527960B7855}.Release|Any CPU.ActiveCfg = Release|Any CPU
		{8B1E88BA-A8D7-4C52-B7F2-5527960B7855}.Release|Any CPU.Build.0 = Release|Any CPU
		{4B6C9693-0664-4584-8B81-53F40D6DBBAC}.Debug|Any CPU.ActiveCfg = Debug|Any CPU
		{4B6C9693-0664-4584-8B81-53F40D6DBBAC}.Debug|Any CPU.Build.0 = Debug|Any CPU
		{4B6C9693-0664-4584-8B81-53F40D6DBBAC}.Release|Any CPU.ActiveCfg = Release|Any CPU
		{4B6C9693-0664-4584-8B81-53F40D6DBBAC}.Release|Any CPU.Build.0 = Release|Any CPU
	EndGlobalSection
	GlobalSection(SolutionProperties) = preSolution
		HideSolutionNode = FALSE
	EndGlobalSection
	GlobalSection(ExtensibilityGlobals) = postSolution
		SolutionGuid = {ECE8C21D-F6C9-416B-BD65-DADAD80504D9}
	EndGlobalSection
EndGlobal
